
Microsoft Visual Studio Solution File, Format Version 12.00
# Visual Studio Version 16
VisualStudioVersion = 16.0.29123.88
MinimumVisualStudioVersion = 10.0.40219.1
Project("{FAE04EC0-301F-11D3-BF4B-00C04F79EFBC}") = "gui", "gui.csproj", "{C18EC455-1736-4B8B-A457-BC6DB2335921}"
EndProject
Global
	GlobalSection(SolutionConfigurationPlatforms) = preSolution
		Debug|Any CPU = Debug|Any CPU
		Release|Any CPU = Release|Any CPU
	EndGlobalSection
	GlobalSection(ProjectConfigurationPlatforms) = postSolution
		{C18EC455-1736-4B8B-A457-BC6DB2335921}.Debug|Any CPU.ActiveCfg = Debug|Any CPU
		{C18EC455-1736-4B8B-A457-BC6DB2335921}.Debug|Any CPU.Build.0 = Debug|Any CPU
		{C18EC455-1736-4B8B-A457-BC6DB2335921}.Release|Any CPU.ActiveCfg = Release|Any CPU
		{C18EC455-1736-4B8B-A457-BC6DB2335921}.Release|Any CPU.Build.0 = Release|Any CPU
	EndGlobalSection
	GlobalSection(SolutionProperties) = preSolution
		HideSolutionNode = FALSE
	EndGlobalSection
	GlobalSection(ExtensibilityGlobals) = postSolution
		SolutionGuid = {882AA7FC-E7D1-4563-A390-70239E9BA98D}
	EndGlobalSection
EndGlobal
